// !$*UTF8*$!
{
	archiveVersion = 1;
	classes = {
	};
	objectVersion = 56;
	objects = {

/* Begin PBXBuildFile section */
		AA000001 /* XPadInputApp.swift in Sources */ = {isa = PBXBuildFile; fileRef = AB000001; };
		AA000002 /* ContentView.swift in Sources */ = {isa = PBXBuildFile; fileRef = AB000002; };
		AA000003 /* PitchClass.swift in Sources */ = {isa = PBXBuildFile; fileRef = AB000003; };
		AA000004 /* Note.swift in Sources */ = {isa = PBXBuildFile; fileRef = AB000004; };
		AA000005 /* Interval.swift in Sources */ = {isa = PBXBuildFile; fileRef = AB000005; };
		AA000006 /* Scale.swift in Sources */ = {isa = PBXBuildFile; fileRef = AB000006; };
		AA000007 /* Chord.swift in Sources */ = {isa = PBXBuildFile; fileRef = AB000007; };
		AA000008 /* ChordVoicing.swift in Sources */ = {isa = PBXBuildFile; fileRef = AB000008; };
		AA000009 /* ControllerState.swift in Sources */ = {isa = PBXBuildFile; fileRef = AB000009; };
		AA000010 /* ControllerCapabilityProfile.swift in Sources */ = {isa = PBXBuildFile; fileRef = AB000010; };
		AA000011 /* ControllerManager.swift in Sources */ = {isa = PBXBuildFile; fileRef = AB000011; };
		AA000012 /* MIDIEngine.swift in Sources */ = {isa = PBXBuildFile; fileRef = AB000012; };
		AA000013 /* AudioEngine.swift in Sources */ = {isa = PBXBuildFile; fileRef = AB000013; };
		AA000014 /* AppState.swift in Sources */ = {isa = PBXBuildFile; fileRef = AB000014; };
		AA000015 /* PlayView.swift in Sources */ = {isa = PBXBuildFile; fileRef = AB000015; };
		AA000016 /* HarmonicWheelView.swift in Sources */ = {isa = PBXBuildFile; fileRef = AB000016; };
		AA000017 /* ControllerVisualizerView.swift in Sources */ = {isa = PBXBuildFile; fileRef = AB000017; };
		AA000018 /* TransportBar.swift in Sources */ = {isa = PBXBuildFile; fileRef = AB000018; };
		AA000019 /* GreenTheme.swift in Sources */ = {isa = PBXBuildFile; fileRef = AB000019; };
		AA000020 /* Assets.xcassets in Resources */ = {isa = PBXBuildFile; fileRef = AB000020; };
/* End PBXBuildFile section */

/* Begin PBXFileReference section */
		AB000001 /* XPadInputApp.swift */ = {isa = PBXFileReference; lastKnownFileType = sourcecode.swift; path = XPadInputApp.swift; sourceTree = "<group>"; };
		AB000002 /* ContentView.swift */ = {isa = PBXFileReference; lastKnownFileType = sourcecode.swift; path = ContentView.swift; sourceTree = "<group>"; };
		AB000003 /* PitchClass.swift */ = {isa = PBXFileReference; lastKnownFileType = sourcecode.swift; path = PitchClass.swift; sourceTree = "<group>"; };
		AB000004 /* Note.swift */ = {isa = PBXFileReference; lastKnownFileType = sourcecode.swift; path = Note.swift; sourceTree = "<group>"; };
		AB000005 /* Interval.swift */ = {isa = PBXFileReference; lastKnownFileType = sourcecode.swift; path = Interval.swift; sourceTree = "<group>"; };
		AB000006 /* Scale.swift */ = {isa = PBXFileReference; lastKnownFileType = sourcecode.swift; path = Scale.swift; sourceTree = "<group>"; };
		AB000007 /* Chord.swift */ = {isa = PBXFileReference; lastKnownFileType = sourcecode.swift; path = Chord.swift; sourceTree = "<group>"; };
		AB000008 /* ChordVoicing.swift */ = {isa = PBXFileReference; lastKnownFileType = sourcecode.swift; path = ChordVoicing.swift; sourceTree = "<group>"; };
		AB000009 /* ControllerState.swift */ = {isa = PBXFileReference; lastKnownFileType = sourcecode.swift; path = ControllerState.swift; sourceTree = "<group>"; };
		AB000010 /* ControllerCapabilityProfile.swift */ = {isa = PBXFileReference; lastKnownFileType = sourcecode.swift; path = ControllerCapabilityProfile.swift; sourceTree = "<group>"; };
		AB000011 /* ControllerManager.swift */ = {isa = PBXFileReference; lastKnownFileType = sourcecode.swift; path = ControllerManager.swift; sourceTree = "<group>"; };
		AB000012 /* MIDIEngine.swift */ = {isa = PBXFileReference; lastKnownFileType = sourcecode.swift; path = MIDIEngine.swift; sourceTree = "<group>"; };
		AB000013 /* AudioEngine.swift */ = {isa = PBXFileReference; lastKnownFileType = sourcecode.swift; path = AudioEngine.swift; sourceTree = "<group>"; };
		AB000014 /* AppState.swift */ = {isa = PBXFileReference; lastKnownFileType = sourcecode.swift; path = AppState.swift; sourceTree = "<group>"; };
		AB000015 /* PlayView.swift */ = {isa = PBXFileReference; lastKnownFileType = sourcecode.swift; path = PlayView.swift; sourceTree = "<group>"; };
		AB000016 /* HarmonicWheelView.swift */ = {isa = PBXFileReference; lastKnownFileType = sourcecode.swift; path = HarmonicWheelView.swift; sourceTree = "<group>"; };
		AB000017 /* ControllerVisualizerView.swift */ = {isa = PBXFileReference; lastKnownFileType = sourcecode.swift; path = ControllerVisualizerView.swift; sourceTree = "<group>"; };
		AB000018 /* TransportBar.swift */ = {isa = PBXFileReference; lastKnownFileType = sourcecode.swift; path = TransportBar.swift; sourceTree = "<group>"; };
		AB000019 /* GreenTheme.swift */ = {isa = PBXFileReference; lastKnownFileType = sourcecode.swift; path = GreenTheme.swift; sourceTree = "<group>"; };
		AB000020 /* Assets.xcassets */ = {isa = PBXFileReference; lastKnownFileType = folder.assetcatalog; path = Assets.xcassets; sourceTree = "<group>"; };
		AC000001 /* XPadInput.app */ = {isa = PBXFileReference; explicitFileType = wrapper.application; includeInIndex = 0; path = XPadInput.app; sourceTree = BUILT_PRODUCTS_DIR; };
		AB000021 /* XPadInput.entitlements */ = {isa = PBXFileReference; lastKnownFileType = text.plist.entitlements; path = XPadInput.entitlements; sourceTree = "<group>"; };
/* End PBXFileReference section */

/* Begin PBXFrameworksBuildPhase section */
		AD000001 /* Frameworks */ = {
			isa = PBXFrameworksBuildPhase;
			buildActionMask = 2147483647;
			files = (
			);
			runOnlyForDeploymentPostprocessing = 0;
		};
/* End PBXFrameworksBuildPhase section */

/* Begin PBXGroup section */
		AE000001 = {
			isa = PBXGroup;
			children = (
				AE000002 /* XPadInput */,
				AE000099 /* Products */,
			);
			sourceTree = "<group>";
		};
		AE000002 /* XPadInput */ = {
			isa = PBXGroup;
			children = (
				AB000001 /* XPadInputApp.swift */,
				AB000021 /* XPadInput.entitlements */,
				AE000003 /* Models */,
				AE000010 /* ViewModels */,
				AE000011 /* Views */,
				AE000020 /* Resources */,
			);
			path = XPadInput;
			sourceTree = "<group>";
		};
		AE000003 /* Models */ = {
			isa = PBXGroup;
			children = (
				AE000004 /* Theory */,
				AE000005 /* Controller */,
				AE000006 /* MIDI */,
				AE000007 /* Audio */,
			);
			path = Models;
			sourceTree = "<group>";
		};
		AE000004 /* Theory */ = {
			isa = PBXGroup;
			children = (
				AB000003 /* PitchClass.swift */,
				AB000004 /* Note.swift */,
				AB000005 /* Interval.swift */,
				AB000006 /* Scale.swift */,
				AB000007 /* Chord.swift */,
				AB000008 /* ChordVoicing.swift */,
			);
			path = Theory;
			sourceTree = "<group>";
		};
		AE000005 /* Controller */ = {
			isa = PBXGroup;
			children = (
				AB000009 /* ControllerState.swift */,
				AB000010 /* ControllerCapabilityProfile.swift */,
				AB000011 /* ControllerManager.swift */,
			);
			path = Controller;
			sourceTree = "<group>";
		};
		AE000006 /* MIDI */ = {
			isa = PBXGroup;
			children = (
				AB000012 /* MIDIEngine.swift */,
			);
			path = MIDI;
			sourceTree = "<group>";
		};
		AE000007 /* Audio */ = {
			isa = PBXGroup;
			children = (
				AB000013 /* AudioEngine.swift */,
			);
			path = Audio;
			sourceTree = "<group>";
		};
		AE000010 /* ViewModels */ = {
			isa = PBXGroup;
			children = (
				AB000014 /* AppState.swift */,
			);
			path = ViewModels;
			sourceTree = "<group>";
		};
		AE000011 /* Views */ = {
			isa = PBXGroup;
			children = (
				AB000002 /* ContentView.swift */,
				AE000012 /* Play */,
				AE000013 /* Components */,
				AE000014 /* Shared */,
			);
			path = Views;
			sourceTree = "<group>";
		};
		AE000012 /* Play */ = {
			isa = PBXGroup;
			children = (
				AB000015 /* PlayView.swift */,
				AB000016 /* HarmonicWheelView.swift */,
				AB000017 /* ControllerVisualizerView.swift */,
			);
			path = Play;
			sourceTree = "<group>";
		};
		AE000013 /* Components */ = {
			isa = PBXGroup;
			children = (
				AB000018 /* TransportBar.swift */,
			);
			path = Components;
			sourceTree = "<group>";
		};
		AE000014 /* Shared */ = {
			isa = PBXGroup;
			children = (
				AB000019 /* GreenTheme.swift */,
			);
			path = Shared;
			sourceTree = "<group>";
		};
		AE000020 /* Resources */ = {
			isa = PBXGroup;
			children = (
				AB000020 /* Assets.xcassets */,
			);
			path = Resources;
			sourceTree = "<group>";
		};
		AE000099 /* Products */ = {
			isa = PBXGroup;
			children = (
				AC000001 /* XPadInput.app */,
			);
			name = Products;
			sourceTree = "<group>";
		};
/* End PBXGroup section */

/* Begin PBXNativeTarget section */
		AF000001 /* XPadInput */ = {
			isa = PBXNativeTarget;
			buildConfigurationList = B0000002 /* Build configuration list for PBXNativeTarget "XPadInput" */;
			buildPhases = (
				AF000002 /* Sources */,
				AF000003 /* Resources */,
				AD000001 /* Frameworks */,
			);
			buildRules = (
			);
			dependencies = (
			);
			name = XPadInput;
			productName = XPadInput;
			productReference = AC000001 /* XPadInput.app */;
			productType = "com.apple.product-type.application";
		};
/* End PBXNativeTarget section */

/* Begin PBXProject section */
		B1000001 /* Project object */ = {
			isa = PBXProject;
			attributes = {
				BuildIndependentTargetsInParallel = 1;
				LastSwiftUpdateCheck = 1600;
				LastUpgradeCheck = 1600;
				TargetAttributes = {
					AF000001 = {
						CreatedOnToolsVersion = 16.0;
					};
				};
			};
			buildConfigurationList = B0000001 /* Build configuration list for PBXProject "XPadInput" */;
			compatibilityVersion = "Xcode 14.0";
			developmentRegion = en;
			hasScannedForEncodings = 0;
			knownRegions = (
				en,
				Base,
			);
			mainGroup = AE000001;
			productRefGroup = AE000099 /* Products */;
			projectDirPath = "";
			projectRoot = "";
			targets = (
				AF000001 /* XPadInput */,
			);
		};
/* End PBXProject section */

/* Begin PBXResourcesBuildPhase section */
		AF000003 /* Resources */ = {
			isa = PBXResourcesBuildPhase;
			buildActionMask = 2147483647;
			files = (
				AA000020 /* Assets.xcassets in Resources */,
			);
			runOnlyForDeploymentPostprocessing = 0;
		};
/* End PBXResourcesBuildPhase section */

/* Begin PBXSourcesBuildPhase section */
		AF000002 /* Sources */ = {
			isa = PBXSourcesBuildPhase;
			buildActionMask = 2147483647;
			files = (
				AA000001 /* XPadInputApp.swift in Sources */,
				AA000002 /* ContentView.swift in Sources */,
				AA000003 /* PitchClass.swift in Sources */,
				AA000004 /* Note.swift in Sources */,
				AA000005 /* Interval.swift in Sources */,
				AA000006 /* Scale.swift in Sources */,
				AA000007 /* Chord.swift in Sources */,
				AA000008 /* ChordVoicing.swift in Sources */,
				AA000009 /* ControllerState.swift in Sources */,
				AA000010 /* ControllerCapabilityProfile.swift in Sources */,
				AA000011 /* ControllerManager.swift in Sources */,
				AA000012 /* MIDIEngine.swift in Sources */,
				AA000013 /* AudioEngine.swift in Sources */,
				AA000014 /* AppState.swift in Sources */,
				AA000015 /* PlayView.swift in Sources */,
				AA000016 /* HarmonicWheelView.swift in Sources */,
				AA000017 /* ControllerVisualizerView.swift in Sources */,
				AA000018 /* TransportBar.swift in Sources */,
				AA000019 /* GreenTheme.swift in Sources */,
			);
			runOnlyForDeploymentPostprocessing = 0;
		};
/* End PBXSourcesBuildPhase section */

/* Begin XCBuildConfiguration section */
		B2000001 /* Debug */ = {
			isa = XCBuildConfiguration;
			buildSettings = {
				ALWAYS_SEARCH_USER_PATHS = NO;
				ASSETCATALOG_COMPILER_GENERATE_SWIFT_ASSET_SYMBOL_EXTENSIONS = YES;
				CLANG_ANALYZER_NONNULL = YES;
				CLANG_ANALYZER_NUMBER_OBJECT_CONVERSION = YES_AGGRESSIVE;
				CLANG_CXX_LANGUAGE_STANDARD = "gnu++20";
				CLANG_ENABLE_MODULES = YES;
				CLANG_ENABLE_OBJC_ARC = YES;
				CLANG_ENABLE_OBJC_WEAK = YES;
				CLANG_WARN_BLOCK_CAPTURE_AUTORELEASING = YES;
				CLANG_WARN_BOOL_CONVERSION = YES;
				CLANG_WARN_COMMA = YES;
				CLANG_WARN_CONSTANT_CONVERSION = YES;
				CLANG_WARN_DEPRECATED_OBJC_IMPLEMENTATIONS = YES;
				CLANG_WARN_DIRECT_OBJC_ISA_USAGE = YES_ERROR;
				CLANG_WARN_DOCUMENTATION_COMMENTS = YES;
				CLANG_WARN_EMPTY_BODY = YES;
				CLANG_WARN_ENUM_CONVERSION = YES;
				CLANG_WARN_INFINITE_RECURSION = YES;
				CLANG_WARN_INT_CONVERSION = YES;
				CLANG_WARN_NON_LITERAL_NULL_CONVERSION = YES;
				CLANG_WARN_OBJC_IMPLICIT_RETAIN_SELF = YES;
				CLANG_WARN_OBJC_LITERAL_CONVERSION = YES;
				CLANG_WARN_OBJC_ROOT_CLASS = YES_ERROR;
				CLANG_WARN_QUOTED_INCLUDE_IN_FRAMEWORK_HEADER = YES;
				CLANG_WARN_RANGE_LOOP_ANALYSIS = YES;
				CLANG_WARN_STRICT_PROTOTYPES = YES;
				CLANG_WARN_SUSPICIOUS_MOVE = YES;
				CLANG_WARN_UNGUARDED_AVAILABILITY = YES_AGGRESSIVE;
				CLANG_WARN_UNREACHABLE_CODE = YES;
				CLANG_WARN__DUPLICATE_METHOD_MATCH = YES;
				COPY_PHASE_STRIP = NO;
				DEBUG_INFORMATION_FORMAT = dwarf;
				ENABLE_STRICT_OBJC_MSGSEND = YES;
				ENABLE_TESTABILITY = YES;
				ENABLE_USER_SCRIPT_SANDBOXING = YES;
				GCC_C_LANGUAGE_STANDARD = gnu17;
				GCC_DYNAMIC_NO_PIC = NO;
				GCC_NO_COMMON_BLOCKS = YES;
				GCC_OPTIMIZATION_LEVEL = 0;
				GCC_PREPROCESSOR_DEFINITIONS = (
					"DEBUG=1",
					"$(inherited)",
				);
				GCC_WARN_64_TO_32_BIT_CONVERSION = YES;
				GCC_WARN_ABOUT_RETURN_TYPE = YES_ERROR;
				GCC_WARN_UNDECLARED_SELECTOR = YES;
				GCC_WARN_UNINITIALIZED_AUTOS = YES_AGGRESSIVE;
				GCC_WARN_UNUSED_FUNCTION = YES;
				GCC_WARN_UNUSED_VARIABLE = YES;
				MACOSX_DEPLOYMENT_TARGET = 14.0;
				MTL_ENABLE_DEBUG_INFO = INCLUDE_SOURCE;
				MTL_FAST_MATH = YES;
				ONLY_ACTIVE_ARCH = YES;
				SDKROOT = macosx;
				SWIFT_ACTIVE_COMPILATION_CONDITIONS = "DEBUG $(inherited)";
				SWIFT_OPTIMIZATION_LEVEL = "-Onone";
			};
			name = Debug;
		};
		B2000002 /* Release */ = {
			isa = XCBuildConfiguration;
			buildSettings = {
				ALWAYS_SEARCH_USER_PATHS = NO;
				ASSETCATALOG_COMPILER_GENERATE_SWIFT_ASSET_SYMBOL_EXTENSIONS = YES;
				CLANG_ANALYZER_NONNULL = YES;
				CLANG_ANALYZER_NUMBER_OBJECT_CONVERSION = YES_AGGRESSIVE;
				CLANG_CXX_LANGUAGE_STANDARD = "gnu++20";
				CLANG_ENABLE_MODULES = YES;
				CLANG_ENABLE_OBJC_ARC = YES;
				CLANG_ENABLE_OBJC_WEAK = YES;
				CLANG_WARN_BLOCK_CAPTURE_AUTORELEASING = YES;
				CLANG_WARN_BOOL_CONVERSION = YES;
				CLANG_WARN_COMMA = YES;
				CLANG_WARN_CONSTANT_CONVERSION = YES;
				CLANG_WARN_DEPRECATED_OBJC_IMPLEMENTATIONS = YES;
				CLANG_WARN_DIRECT_OBJC_ISA_USAGE = YES_ERROR;
				CLANG_WARN_DOCUMENTATION_COMMENTS = YES;
				CLANG_WARN_EMPTY_BODY = YES;
				CLANG_WARN_ENUM_CONVERSION = YES;
				CLANG_WARN_INFINITE_RECURSION = YES;
				CLANG_WARN_INT_CONVERSION = YES;
				CLANG_WARN_NON_LITERAL_NULL_CONVERSION = YES;
				CLANG_WARN_OBJC_IMPLICIT_RETAIN_SELF = YES;
				CLANG_WARN_OBJC_LITERAL_CONVERSION = YES;
				CLANG_WARN_OBJC_ROOT_CLASS = YES_ERROR;
				CLANG_WARN_QUOTED_INCLUDE_IN_FRAMEWORK_HEADER = YES;
				CLANG_WARN_RANGE_LOOP_ANALYSIS = YES;
				CLANG_WARN_STRICT_PROTOTYPES = YES;
				CLANG_WARN_SUSPICIOUS_MOVE = YES;
				CLANG_WARN_UNGUARDED_AVAILABILITY = YES_AGGRESSIVE;
				CLANG_WARN_UNREACHABLE_CODE = YES;
				CLANG_WARN__DUPLICATE_METHOD_MATCH = YES;
				COPY_PHASE_STRIP = NO;
				DEBUG_INFORMATION_FORMAT = "dwarf-with-dsym";
				ENABLE_NS_ASSERTIONS = NO;
				ENABLE_STRICT_OBJC_MSGSEND = YES;
				ENABLE_USER_SCRIPT_SANDBOXING = YES;
				GCC_C_LANGUAGE_STANDARD = gnu17;
				GCC_NO_COMMON_BLOCKS = YES;
				GCC_WARN_64_TO_32_BIT_CONVERSION = YES;
				GCC_WARN_ABOUT_RETURN_TYPE = YES_ERROR;
				GCC_WARN_UNDECLARED_SELECTOR = YES;
				GCC_WARN_UNINITIALIZED_AUTOS = YES_AGGRESSIVE;
				GCC_WARN_UNUSED_FUNCTION = YES;
				GCC_WARN_UNUSED_VARIABLE = YES;
				MACOSX_DEPLOYMENT_TARGET = 14.0;
				MTL_ENABLE_DEBUG_INFO = NO;
				MTL_FAST_MATH = YES;
				SDKROOT = macosx;
				SWIFT_COMPILATION_MODE = wholemodule;
			};
			name = Release;
		};
		B2000003 /* Debug */ = {
			isa = XCBuildConfiguration;
			buildSettings = {
				ASSETCATALOG_COMPILER_APPICON_NAME = AppIcon;
				ASSETCATALOG_COMPILER_GLOBAL_ACCENT_COLOR_NAME = AccentColor;
				CODE_SIGN_ENTITLEMENTS = XPadInput/XPadInput.entitlements;
				CODE_SIGN_STYLE = Automatic;
				COMBINE_HIDPI_IMAGES = YES;
				CURRENT_PROJECT_VERSION = 1;
				DEVELOPMENT_ASSET_PATHS = "";
				ENABLE_HARDENED_RUNTIME = YES;
				GENERATE_INFOPLIST_FILE = YES;
				INFOPLIST_KEY_LSApplicationCategoryType = "public.app-category.music";
				INFOPLIST_KEY_NSHumanReadableCopyright = "";
				LD_RUNPATH_SEARCH_PATHS = (
					"$(inherited)",
					"@executable_path/../Frameworks",
				);
				MARKETING_VERSION = 0.1.0;
				PRODUCT_BUNDLE_IDENTIFIER = com.xpadinput.app;
				PRODUCT_NAME = "$(TARGET_NAME)";
				SWIFT_EMIT_LOC_STRINGS = YES;
				SWIFT_VERSION = 5.0;
			};
			name = Debug;
		};
		B2000004 /* Release */ = {
			isa = XCBuildConfiguration;
			buildSettings = {
				ASSETCATALOG_COMPILER_APPICON_NAME = AppIcon;
				ASSETCATALOG_COMPILER_GLOBAL_ACCENT_COLOR_NAME = AccentColor;
				CODE_SIGN_ENTITLEMENTS = XPadInput/XPadInput.entitlements;
				CODE_SIGN_STYLE = Automatic;
				COMBINE_HIDPI_IMAGES = YES;
				CURRENT_PROJECT_VERSION = 1;
				DEVELOPMENT_ASSET_PATHS = "";
				ENABLE_HARDENED_RUNTIME = YES;
				GENERATE_INFOPLIST_FILE = YES;
				INFOPLIST_KEY_LSApplicationCategoryType = "public.app-category.music";
				INFOPLIST_KEY_NSHumanReadableCopyright = "";
				LD_RUNPATH_SEARCH_PATHS = (
					"$(inherited)",
					"@executable_path/../Frameworks",
				);
				MARKETING_VERSION = 0.1.0;
				PRODUCT_BUNDLE_IDENTIFIER = com.xpadinput.app;
				PRODUCT_NAME = "$(TARGET_NAME)";
				SWIFT_EMIT_LOC_STRINGS = YES;
				SWIFT_VERSION = 5.0;
			};
			name = Release;
		};
/* End XCBuildConfiguration section */

/* Begin XCConfigurationList section */
		B0000001 /* Build configuration list for PBXProject "XPadInput" */ = {
			isa = XCConfigurationList;
			buildConfigurations = (
				B2000001 /* Debug */,
				B2000002 /* Release */,
			);
			defaultConfigurationIsVisible = 0;
			defaultConfigurationName = Release;
		};
		B0000002 /* Build configuration list for PBXNativeTarget "XPadInput" */ = {
			isa = XCConfigurationList;
			buildConfigurations = (
				B2000003 /* Debug */,
				B2000004 /* Release */,
			);
			defaultConfigurationIsVisible = 0;
			defaultConfigurationName = Release;
		};
/* End XCConfigurationList section */

	};
	rootObject = B1000001 /* Project object */;
}
